
Microsoft Visual Studio Solution File, Format Version 12.00
# Visual Studio Version 16
VisualStudioVersion = 16.0.31105.61
MinimumVisualStudioVersion = 10.0.40219.1
Project("{FAE04EC0-301F-11D3-BF4B-00C04F79EFBC}") = "BloodServer", "BloodServer.csproj", "{00E7F674-CF67-4B3C-8767-986915DB7D47}"
EndProject
Project("{FAE04EC0-301F-11D3-BF4B-00C04F79EFBC}") = "BloodServer.DTO", "..\BloodServer.DTO\BloodServer.DTO.csproj", "{FB028F56-03AE-4522-8A19-609E6136C9D1}"
EndProject
Global
	GlobalSection(SolutionConfigurationPlatforms) = preSolution
		Debug|Any CPU = Debug|Any CPU
		Release|Any CPU = Release|Any CPU
	EndGlobalSection
	GlobalSection(ProjectConfigurationPlatforms) = postSolution
		{00E7F674-CF67-4B3C-8767-986915DB7D47}.Debug|Any CPU.ActiveCfg = Debug|Any CPU
		{00E7F674-CF67-4B3C-8767-986915DB7D47}.Debug|Any CPU.Build.0 = Debug|Any CPU
		{00E7F674-CF67-4B3C-8767-986915DB7D47}.Release|Any CPU.ActiveCfg = Release|Any CPU
		{00E7F674-CF67-4B3C-8767-986915DB7D47}.Release|Any CPU.Build.0 = Release|Any CPU
		{FB028F56-03AE-4522-8A19-609E6136C9D1}.Debug|Any CPU.ActiveCfg = Debug|Any CPU
		{FB028F56-03AE-4522-8A19-609E6136C9D1}.Debug|Any CPU.Build.0 = Debug|Any CPU
		{FB028F56-03AE-4522-8A19-609E6136C9D1}.Release|Any CPU.ActiveCfg = Release|Any CPU
		{FB028F56-03AE-4522-8A19-609E6136C9D1}.Release|Any CPU.Build.0 = Release|Any CPU
	EndGlobalSection
	GlobalSection(SolutionProperties) = preSolution
		HideSolutionNode = FALSE
	EndGlobalSection
	GlobalSection(ExtensibilityGlobals) = postSolution
		SolutionGuid = {0DF7A79A-6751-4FB1-BAB7-509F5439F91D}
	EndGlobalSection
EndGlobal
